
Microsoft Visual Studio Solution File, Format Version 12.00
# Visual Studio Version 16
VisualStudioVersion = 16.0.30804.86
MinimumVisualStudioVersion = 10.0.40219.1
Project("{FAE04EC0-301F-11D3-BF4B-00C04F79EFBC}") = "BlazorToDoDemo.Server", "BlazorToDoDemo\Server\BlazorToDoDemo.Server.csproj", "{9933F988-42F5-4D05-A970-19125CC1CFAC}"
EndProject
Project("{FAE04EC0-301F-11D3-BF4B-00C04F79EFBC}") = "BlazorToDoDemo.Client", "BlazorToDoDemo\Client\BlazorToDoDemo.Client.csproj", "{B628F731-87BC-4200-A0A3-99B6800AB26C}"
EndProject
Project("{FAE04EC0-301F-11D3-BF4B-00C04F79EFBC}") = "BlazorToDoDemo.Shared", "BlazorToDoDemo\Shared\BlazorToDoDemo.Shared.csproj", "{D371B12F-B4CD-4DBD-BCB5-DF5A16E95530}"
EndProject
Global
	GlobalSection(SolutionConfigurationPlatforms) = preSolution
		Debug|Any CPU = Debug|Any CPU
		Release|Any CPU = Release|Any CPU
	EndGlobalSection
	GlobalSection(ProjectConfigurationPlatforms) = postSolution
		{9933F988-42F5-4D05-A970-19125CC1CFAC}.Debug|Any CPU.ActiveCfg = Debug|Any CPU
		{9933F988-42F5-4D05-A970-19125CC1CFAC}.Debug|Any CPU.Build.0 = Debug|Any CPU
		{9933F988-42F5-4D05-A970-19125CC1CFAC}.Release|Any CPU.ActiveCfg = Release|Any CPU
		{9933F988-42F5-4D05-A970-19125CC1CFAC}.Release|Any CPU.Build.0 = Release|Any CPU
		{B628F731-87BC-4200-A0A3-99B6800AB26C}.Debug|Any CPU.ActiveCfg = Debug|Any CPU
		{B628F731-87BC-4200-A0A3-99B6800AB26C}.Debug|Any CPU.Build.0 = Debug|Any CPU
		{B628F731-87BC-4200-A0A3-99B6800AB26C}.Release|Any CPU.ActiveCfg = Release|Any CPU
		{B628F731-87BC-4200-A0A3-99B6800AB26C}.Release|Any CPU.Build.0 = Release|Any CPU
		{D371B12F-B4CD-4DBD-BCB5-DF5A16E95530}.Debug|Any CPU.ActiveCfg = Debug|Any CPU
		{D371B12F-B4CD-4DBD-BCB5-DF5A16E95530}.Debug|Any CPU.Build.0 = Debug|Any CPU
		{D371B12F-B4CD-4DBD-BCB5-DF5A16E95530}.Release|Any CPU.ActiveCfg = Release|Any CPU
		{D371B12F-B4CD-4DBD-BCB5-DF5A16E95530}.Release|Any CPU.Build.0 = Release|Any CPU
	EndGlobalSection
	GlobalSection(SolutionProperties) = preSolution
		HideSolutionNode = FALSE
	EndGlobalSection
	GlobalSection(ExtensibilityGlobals) = postSolution
		SolutionGuid = {9ED4C378-9635-4C05-8C4F-94582B774F6A}
	EndGlobalSection
EndGlobal
